{
  "lockfileVersion": 1,
  "workspaces": {
    "": {
      "dependencies": {
        "@hono/standard-validator": "^0.1.5",
        "zod-to-json-schema": "^3.24.6",
      },
    },
  },
  "packages": {
    "@hono/standard-validator": ["@hono/standard-validator@0.1.5", "", { "peerDependencies": { "@standard-schema/spec": "1.0.0", "hono": ">=3.9.0" } }, "sha512-EIyZPPwkyLn6XKwFj5NBEWHXhXbgmnVh2ceIFo5GO7gKI9WmzTjPDKnppQB0KrqKeAkq3kpoW4SIbu5X1dgx3w=="],

    "@standard-schema/spec": ["@standard-schema/spec@1.0.0", "", {}, "sha512-m2bOd0f2RT9k8QJx1JN85cZYyH1RqFBdlwtkSlf4tBDYLCiiZnv1fIIwacK6cqwXavOydf0NPToMQgpKq+dVlA=="],

    "hono": ["hono@4.9.8", "", {}, "sha512-JW8Bb4RFWD9iOKxg5PbUarBYGM99IcxFl2FPBo2gSJO11jjUDqlP1Bmfyqt8Z/dGhIQ63PMA9LdcLefXyIasyg=="],

    "zod": ["zod@3.25.76", "", {}, "sha512-gzUt/qt81nXsFGKIFcC3YnfEAx5NkunCfnDlvuBSSFS02bcXu4Lmea0AFIUwbLWxWPx3d9p8S5QoaujKcNQxcQ=="],

    "zod-to-json-schema": ["zod-to-json-schema@3.24.6", "", { "peerDependencies": { "zod": "^3.24.1" } }, "sha512-h/z3PKvcTcTetyjl1fkj79MHNEjm+HpD6NXheWjzOekY7kV+lwDYnHw+ivHkijnCSMz1yJaWBD9vu/Fcmk+vEg=="],
  }
}
